
Microsoft Visual Studio Solution File, Format Version 12.00
# Visual Studio Version 17
VisualStudioVersion = 17.0.32112.339
MinimumVisualStudioVersion = 10.0.40219.1
Project("{FAE04EC0-301F-11D3-BF4B-00C04F79EFBC}") = "21-Merge-Two-Sorted-Lists", "21-Merge-Two-Sorted-Lists\21-Merge-Two-Sorted-Lists.csproj", "{6349A11A-601D-4A78-BBBD-0D45A725A160}"
EndProject
Global
	GlobalSection(SolutionConfigurationPlatforms) = preSolution
		Debug|Any CPU = Debug|Any CPU
		Release|Any CPU = Release|Any CPU
	EndGlobalSection
	GlobalSection(ProjectConfigurationPlatforms) = postSolution
		{6349A11A-601D-4A78-BBBD-0D45A725A160}.Debug|Any CPU.ActiveCfg = Debug|Any CPU
		{6349A11A-601D-4A78-BBBD-0D45A725A160}.Debug|Any CPU.Build.0 = Debug|Any CPU
		{6349A11A-601D-4A78-BBBD-0D45A725A160}.Release|Any CPU.ActiveCfg = Release|Any CPU
		{6349A11A-601D-4A78-BBBD-0D45A725A160}.Release|Any CPU.Build.0 = Release|Any CPU
	EndGlobalSection
	GlobalSection(SolutionProperties) = preSolution
		HideSolutionNode = FALSE
	EndGlobalSection
	GlobalSection(ExtensibilityGlobals) = postSolution
		SolutionGuid = {3A0BB08C-2964-400A-ABAF-562E275C63F4}
	EndGlobalSection
EndGlobal
